// !$*UTF8*$!
{
	archiveVersion = 1;
	classes = {
	};
	objectVersion = 55;
	objects = {

/* Begin PBXBuildFile section */
		09ABAE8CF68EC745B819715C /* Pods_XYSegmentView.framework in Frameworks */ = {isa = PBXBuildFile; fileRef = B2A8B9708C876C5B11D5B260 /* Pods_XYSegmentView.framework */; };
		B40DDEB427B38F2E007A71CD /* DemoViewController.swift in Sources */ = {isa = PBXBuildFile; fileRef = B40DDEB327B38F2E007A71CD /* DemoViewController.swift */; };
		B421B9F427EE053A00C3BD58 /* TableViewController.swift in Sources */ = {isa = PBXBuildFile; fileRef = B421B9F327EE053A00C3BD58 /* TableViewController.swift */; };
		B421B9F627EECAED00C3BD58 /* ScrollViewController.swift in Sources */ = {isa = PBXBuildFile; fileRef = B421B9F527EECAED00C3BD58 /* ScrollViewController.swift */; };
		B42210DF2810020F004D6592 /* XYHoverContainerView.swift in Sources */ = {isa = PBXBuildFile; fileRef = B42210DE2810020F004D6592 /* XYHoverContainerView.swift */; };
		B456FDF127AFA56300A822CB /* AppDelegate.swift in Sources */ = {isa = PBXBuildFile; fileRef = B456FDF027AFA56300A822CB /* AppDelegate.swift */; };
		B456FDF327AFA56300A822CB /* SceneDelegate.swift in Sources */ = {isa = PBXBuildFile; fileRef = B456FDF227AFA56300A822CB /* SceneDelegate.swift */; };
		B456FDF527AFA56300A822CB /* ViewController.swift in Sources */ = {isa = PBXBuildFile; fileRef = B456FDF427AFA56300A822CB /* ViewController.swift */; };
		B456FDF827AFA56300A822CB /* Main.storyboard in Resources */ = {isa = PBXBuildFile; fileRef = B456FDF627AFA56300A822CB /* Main.storyboard */; };
		B456FDFA27AFA56600A822CB /* Assets.xcassets in Resources */ = {isa = PBXBuildFile; fileRef = B456FDF927AFA56600A822CB /* Assets.xcassets */; };
		B456FDFD27AFA56600A822CB /* LaunchScreen.storyboard in Resources */ = {isa = PBXBuildFile; fileRef = B456FDFB27AFA56600A822CB /* LaunchScreen.storyboard */; };
		B456FE0627AFA5E200A822CB /* XYSegmentView.swift in Sources */ = {isa = PBXBuildFile; fileRef = B456FE0527AFA5E200A822CB /* XYSegmentView.swift */; };
		B4671E0927B6713B00D20B30 /* DefalutDemoViewController.swift in Sources */ = {isa = PBXBuildFile; fileRef = B4671E0827B6713B00D20B30 /* DefalutDemoViewController.swift */; };
		B47EE9A927B0E00100ED1982 /* XYSegmentFuncs.swift in Sources */ = {isa = PBXBuildFile; fileRef = B47EE9A827B0E00100ED1982 /* XYSegmentFuncs.swift */; };
		B47EE9AB27B1083C00ED1982 /* XYSegmentContainerView.swift in Sources */ = {isa = PBXBuildFile; fileRef = B47EE9AA27B1083C00ED1982 /* XYSegmentContainerView.swift */; };
		B47EE9AD27B1097600ED1982 /* CommonViewController.swift in Sources */ = {isa = PBXBuildFile; fileRef = B47EE9AC27B1097600ED1982 /* CommonViewController.swift */; };
		B4A6D78727F02D4700BE9807 /* ForwardViewController.swift in Sources */ = {isa = PBXBuildFile; fileRef = B4A6D78627F02D4700BE9807 /* ForwardViewController.swift */; };
		B4BD7B1727B0C192008E1278 /* XYSegmentTitleView.swift in Sources */ = {isa = PBXBuildFile; fileRef = B4BD7B1627B0C192008E1278 /* XYSegmentTitleView.swift */; };
		B4EBE9D127B162EB007BCEBD /* XYSegmentViewConfig.swift in Sources */ = {isa = PBXBuildFile; fileRef = B4EBE9D027B162EB007BCEBD /* XYSegmentViewConfig.swift */; };
		B4EBE9D327B2A10B007BCEBD /* XYSegmentPublicProtocols.swift in Sources */ = {isa = PBXBuildFile; fileRef = B4EBE9D227B2A10B007BCEBD /* XYSegmentPublicProtocols.swift */; };
/* End PBXBuildFile section */

/* Begin PBXFileReference section */
		98AFEBC36F0717F150DE0143 /* Pods-XYSegmentView.debug.xcconfig */ = {isa = PBXFileReference; includeInIndex = 1; lastKnownFileType = text.xcconfig; name = "Pods-XYSegmentView.debug.xcconfig"; path = "Target Support Files/Pods-XYSegmentView/Pods-XYSegmentView.debug.xcconfig"; sourceTree = "<group>"; };
		A66EDEDF881AD04BBB2C820B /* Pods-XYSegmentView.release.xcconfig */ = {isa = PBXFileReference; includeInIndex = 1; lastKnownFileType = text.xcconfig; name = "Pods-XYSegmentView.release.xcconfig"; path = "Target Support Files/Pods-XYSegmentView/Pods-XYSegmentView.release.xcconfig"; sourceTree = "<group>"; };
		B2A8B9708C876C5B11D5B260 /* Pods_XYSegmentView.framework */ = {isa = PBXFileReference; explicitFileType = wrapper.framework; includeInIndex = 0; path = Pods_XYSegmentView.framework; sourceTree = BUILT_PRODUCTS_DIR; };
		B40DDEB327B38F2E007A71CD /* DemoViewController.swift */ = {isa = PBXFileReference; lastKnownFileType = sourcecode.swift; path = DemoViewController.swift; sourceTree = "<group>"; };
		B421B9F327EE053A00C3BD58 /* TableViewController.swift */ = {isa = PBXFileReference; lastKnownFileType = sourcecode.swift; name = TableViewController.swift; path = XYSegmentView/TableViewController.swift; sourceTree = SOURCE_ROOT; };
		B421B9F527EECAED00C3BD58 /* ScrollViewController.swift */ = {isa = PBXFileReference; lastKnownFileType = sourcecode.swift; path = ScrollViewController.swift; sourceTree = "<group>"; };
		B42210DE2810020F004D6592 /* XYHoverContainerView.swift */ = {isa = PBXFileReference; lastKnownFileType = sourcecode.swift; path = XYHoverContainerView.swift; sourceTree = "<group>"; };
		B456FDED27AFA56300A822CB /* XYSegmentView.app */ = {isa = PBXFileReference; explicitFileType = wrapper.application; includeInIndex = 0; path = XYSegmentView.app; sourceTree = BUILT_PRODUCTS_DIR; };
		B456FDF027AFA56300A822CB /* AppDelegate.swift */ = {isa = PBXFileReference; lastKnownFileType = sourcecode.swift; path = AppDelegate.swift; sourceTree = "<group>"; };
		B456FDF227AFA56300A822CB /* SceneDelegate.swift */ = {isa = PBXFileReference; lastKnownFileType = sourcecode.swift; path = SceneDelegate.swift; sourceTree = "<group>"; };
		B456FDF427AFA56300A822CB /* ViewController.swift */ = {isa = PBXFileReference; lastKnownFileType = sourcecode.swift; path = ViewController.swift; sourceTree = "<group>"; };
		B456FDF727AFA56300A822CB /* Base */ = {isa = PBXFileReference; lastKnownFileType = file.storyboard; name = Base; path = Base.lproj/Main.storyboard; sourceTree = "<group>"; };
		B456FDF927AFA56600A822CB /* Assets.xcassets */ = {isa = PBXFileReference; lastKnownFileType = folder.assetcatalog; path = Assets.xcassets; sourceTree = "<group>"; };
		B456FDFC27AFA56600A822CB /* Base */ = {isa = PBXFileReference; lastKnownFileType = file.storyboard; name = Base; path = Base.lproj/LaunchScreen.storyboard; sourceTree = "<group>"; };
		B456FDFE27AFA56600A822CB /* Info.plist */ = {isa = PBXFileReference; lastKnownFileType = text.plist.xml; path = Info.plist; sourceTree = "<group>"; };
		B456FE0527AFA5E200A822CB /* XYSegmentView.swift */ = {isa = PBXFileReference; lastKnownFileType = sourcecode.swift; path = XYSegmentView.swift; sourceTree = "<group>"; };
		B4671E0827B6713B00D20B30 /* DefalutDemoViewController.swift */ = {isa = PBXFileReference; lastKnownFileType = sourcecode.swift; path = DefalutDemoViewController.swift; sourceTree = "<group>"; };
		B47EE9A827B0E00100ED1982 /* XYSegmentFuncs.swift */ = {isa = PBXFileReference; lastKnownFileType = sourcecode.swift; path = XYSegmentFuncs.swift; sourceTree = "<group>"; };
		B47EE9AA27B1083C00ED1982 /* XYSegmentContainerView.swift */ = {isa = PBXFileReference; lastKnownFileType = sourcecode.swift; path = XYSegmentContainerView.swift; sourceTree = "<group>"; };
		B47EE9AC27B1097600ED1982 /* CommonViewController.swift */ = {isa = PBXFileReference; lastKnownFileType = sourcecode.swift; path = CommonViewController.swift; sourceTree = "<group>"; };
		B4A6D78627F02D4700BE9807 /* ForwardViewController.swift */ = {isa = PBXFileReference; lastKnownFileType = sourcecode.swift; path = ForwardViewController.swift; sourceTree = "<group>"; };
		B4BD7B1627B0C192008E1278 /* XYSegmentTitleView.swift */ = {isa = PBXFileReference; lastKnownFileType = sourcecode.swift; path = XYSegmentTitleView.swift; sourceTree = "<group>"; };
		B4EBE9D027B162EB007BCEBD /* XYSegmentViewConfig.swift */ = {isa = PBXFileReference; lastKnownFileType = sourcecode.swift; path = XYSegmentViewConfig.swift; sourceTree = "<group>"; };
		B4EBE9D227B2A10B007BCEBD /* XYSegmentPublicProtocols.swift */ = {isa = PBXFileReference; lastKnownFileType = sourcecode.swift; path = XYSegmentPublicProtocols.swift; sourceTree = "<group>"; };
/* End PBXFileReference section */

/* Begin PBXFrameworksBuildPhase section */
		B456FDEA27AFA56300A822CB /* Frameworks */ = {
			isa = PBXFrameworksBuildPhase;
			buildActionMask = 2147483647;
			files = (
				09ABAE8CF68EC745B819715C /* Pods_XYSegmentView.framework in Frameworks */,
			);
			runOnlyForDeploymentPostprocessing = 0;
		};
/* End PBXFrameworksBuildPhase section */

/* Begin PBXGroup section */
		3A436AEFABAEAA9865BBDE43 /* Pods */ = {
			isa = PBXGroup;
			children = (
				98AFEBC36F0717F150DE0143 /* Pods-XYSegmentView.debug.xcconfig */,
				A66EDEDF881AD04BBB2C820B /* Pods-XYSegmentView.release.xcconfig */,
			);
			path = Pods;
			sourceTree = "<group>";
		};
		A75B36F7C1D683BCB0729CC0 /* Frameworks */ = {
			isa = PBXGroup;
			children = (
				B2A8B9708C876C5B11D5B260 /* Pods_XYSegmentView.framework */,
			);
			name = Frameworks;
			sourceTree = "<group>";
		};
		B456FDE427AFA56300A822CB = {
			isa = PBXGroup;
			children = (
				B456FDEF27AFA56300A822CB /* XYSegmentView */,
				B456FDEE27AFA56300A822CB /* Products */,
				3A436AEFABAEAA9865BBDE43 /* Pods */,
				A75B36F7C1D683BCB0729CC0 /* Frameworks */,
			);
			sourceTree = "<group>";
		};
		B456FDEE27AFA56300A822CB /* Products */ = {
			isa = PBXGroup;
			children = (
				B456FDED27AFA56300A822CB /* XYSegmentView.app */,
			);
			name = Products;
			sourceTree = "<group>";
		};
		B456FDEF27AFA56300A822CB /* XYSegmentView */ = {
			isa = PBXGroup;
			children = (
				B456FE0427AFA5A000A822CB /* XYSegmentView */,
				B456FDF027AFA56300A822CB /* AppDelegate.swift */,
				B456FDF227AFA56300A822CB /* SceneDelegate.swift */,
				B421B9F327EE053A00C3BD58 /* TableViewController.swift */,
				B421B9F527EECAED00C3BD58 /* ScrollViewController.swift */,
				B456FDF427AFA56300A822CB /* ViewController.swift */,
				B40DDEB327B38F2E007A71CD /* DemoViewController.swift */,
				B47EE9AC27B1097600ED1982 /* CommonViewController.swift */,
				B4671E0827B6713B00D20B30 /* DefalutDemoViewController.swift */,
				B4A6D78627F02D4700BE9807 /* ForwardViewController.swift */,
				B456FDF627AFA56300A822CB /* Main.storyboard */,
				B456FDF927AFA56600A822CB /* Assets.xcassets */,
				B456FDFB27AFA56600A822CB /* LaunchScreen.storyboard */,
				B456FDFE27AFA56600A822CB /* Info.plist */,
			);
			path = XYSegmentView;
			sourceTree = "<group>";
		};
		B456FE0427AFA5A000A822CB /* XYSegmentView */ = {
			isa = PBXGroup;
			children = (
				B4EBE9D227B2A10B007BCEBD /* XYSegmentPublicProtocols.swift */,
				B456FE0527AFA5E200A822CB /* XYSegmentView.swift */,
				B4BD7B1627B0C192008E1278 /* XYSegmentTitleView.swift */,
				B47EE9AA27B1083C00ED1982 /* XYSegmentContainerView.swift */,
				B4EBE9D027B162EB007BCEBD /* XYSegmentViewConfig.swift */,
				B47EE9A827B0E00100ED1982 /* XYSegmentFuncs.swift */,
				B42210DE2810020F004D6592 /* XYHoverContainerView.swift */,
			);
			path = XYSegmentView;
			sourceTree = "<group>";
		};
/* End PBXGroup section */

/* Begin PBXNativeTarget section */
		B456FDEC27AFA56300A822CB /* XYSegmentView */ = {
			isa = PBXNativeTarget;
			buildConfigurationList = B456FE0127AFA56600A822CB /* Build configuration list for PBXNativeTarget "XYSegmentView" */;
			buildPhases = (
				E1EDE6354ADBB7DCA8BD0ABC /* [CP] Check Pods Manifest.lock */,
				B456FDE927AFA56300A822CB /* Sources */,
				B456FDEA27AFA56300A822CB /* Frameworks */,
				B456FDEB27AFA56300A822CB /* Resources */,
				6036F27ADF530B4A31E0A042 /* [CP] Embed Pods Frameworks */,
			);
			buildRules = (
			);
			dependencies = (
			);
			name = XYSegmentView;
			productName = XYSegmentView;
			productReference = B456FDED27AFA56300A822CB /* XYSegmentView.app */;
			productType = "com.apple.product-type.application";
		};
/* End PBXNativeTarget section */

/* Begin PBXProject section */
		B456FDE527AFA56300A822CB /* Project object */ = {
			isa = PBXProject;
			attributes = {
				BuildIndependentTargetsInParallel = 1;
				CLASSPREFIX = XY;
				LastSwiftUpdateCheck = 1300;
				LastUpgradeCheck = 1300;
				ORGANIZATIONNAME = xiaoyou;
				TargetAttributes = {
					B456FDEC27AFA56300A822CB = {
						CreatedOnToolsVersion = 13.0;
					};
				};
			};
			buildConfigurationList = B456FDE827AFA56300A822CB /* Build configuration list for PBXProject "XYSegmentView" */;
			compatibilityVersion = "Xcode 13.0";
			developmentRegion = en;
			hasScannedForEncodings = 0;
			knownRegions = (
				en,
				Base,
			);
			mainGroup = B456FDE427AFA56300A822CB;
			productRefGroup = B456FDEE27AFA56300A822CB /* Products */;
			projectDirPath = "";
			projectRoot = "";
			targets = (
				B456FDEC27AFA56300A822CB /* XYSegmentView */,
			);
		};
/* End PBXProject section */

/* Begin PBXResourcesBuildPhase section */
		B456FDEB27AFA56300A822CB /* Resources */ = {
			isa = PBXResourcesBuildPhase;
			buildActionMask = 2147483647;
			files = (
				B456FDFD27AFA56600A822CB /* LaunchScreen.storyboard in Resources */,
				B456FDFA27AFA56600A822CB /* Assets.xcassets in Resources */,
				B456FDF827AFA56300A822CB /* Main.storyboard in Resources */,
			);
			runOnlyForDeploymentPostprocessing = 0;
		};
/* End PBXResourcesBuildPhase section */

/* Begin PBXShellScriptBuildPhase section */
		6036F27ADF530B4A31E0A042 /* [CP] Embed Pods Frameworks */ = {
			isa = PBXShellScriptBuildPhase;
			buildActionMask = 2147483647;
			files = (
			);
			inputFileListPaths = (
				"${PODS_ROOT}/Target Support Files/Pods-XYSegmentView/Pods-XYSegmentView-frameworks-${CONFIGURATION}-input-files.xcfilelist",
			);
			name = "[CP] Embed Pods Frameworks";
			outputFileListPaths = (
				"${PODS_ROOT}/Target Support Files/Pods-XYSegmentView/Pods-XYSegmentView-frameworks-${CONFIGURATION}-output-files.xcfilelist",
			);
			runOnlyForDeploymentPostprocessing = 0;
			shellPath = /bin/sh;
			shellScript = "\"${PODS_ROOT}/Target Support Files/Pods-XYSegmentView/Pods-XYSegmentView-frameworks.sh\"\n";
			showEnvVarsInLog = 0;
		};
		E1EDE6354ADBB7DCA8BD0ABC /* [CP] Check Pods Manifest.lock */ = {
			isa = PBXShellScriptBuildPhase;
			buildActionMask = 2147483647;
			files = (
			);
			inputFileListPaths = (
			);
			inputPaths = (
				"${PODS_PODFILE_DIR_PATH}/Podfile.lock",
				"${PODS_ROOT}/Manifest.lock",
			);
			name = "[CP] Check Pods Manifest.lock";
			outputFileListPaths = (
			);
			outputPaths = (
				"$(DERIVED_FILE_DIR)/Pods-XYSegmentView-checkManifestLockResult.txt",
			);
			runOnlyForDeploymentPostprocessing = 0;
			shellPath = /bin/sh;
			shellScript = "diff \"${PODS_PODFILE_DIR_PATH}/Podfile.lock\" \"${PODS_ROOT}/Manifest.lock\" > /dev/null\nif [ $? != 0 ] ; then\n    # print error to STDERR\n    echo \"error: The sandbox is not in sync with the Podfile.lock. Run 'pod install' or update your CocoaPods installation.\" >&2\n    exit 1\nfi\n# This output is used by Xcode 'outputs' to avoid re-running this script phase.\necho \"SUCCESS\" > \"${SCRIPT_OUTPUT_FILE_0}\"\n";
			showEnvVarsInLog = 0;
		};
/* End PBXShellScriptBuildPhase section */

/* Begin PBXSourcesBuildPhase section */
		B456FDE927AFA56300A822CB /* Sources */ = {
			isa = PBXSourcesBuildPhase;
			buildActionMask = 2147483647;
			files = (
				B47EE9A927B0E00100ED1982 /* XYSegmentFuncs.swift in Sources */,
				B421B9F427EE053A00C3BD58 /* TableViewController.swift in Sources */,
				B4EBE9D327B2A10B007BCEBD /* XYSegmentPublicProtocols.swift in Sources */,
				B4671E0927B6713B00D20B30 /* DefalutDemoViewController.swift in Sources */,
				B456FDF527AFA56300A822CB /* ViewController.swift in Sources */,
				B47EE9AB27B1083C00ED1982 /* XYSegmentContainerView.swift in Sources */,
				B4EBE9D127B162EB007BCEBD /* XYSegmentViewConfig.swift in Sources */,
				B421B9F627EECAED00C3BD58 /* ScrollViewController.swift in Sources */,
				B42210DF2810020F004D6592 /* XYHoverContainerView.swift in Sources */,
				B40DDEB427B38F2E007A71CD /* DemoViewController.swift in Sources */,
				B456FE0627AFA5E200A822CB /* XYSegmentView.swift in Sources */,
				B4A6D78727F02D4700BE9807 /* ForwardViewController.swift in Sources */,
				B4BD7B1727B0C192008E1278 /* XYSegmentTitleView.swift in Sources */,
				B47EE9AD27B1097600ED1982 /* CommonViewController.swift in Sources */,
				B456FDF127AFA56300A822CB /* AppDelegate.swift in Sources */,
				B456FDF327AFA56300A822CB /* SceneDelegate.swift in Sources */,
			);
			runOnlyForDeploymentPostprocessing = 0;
		};
/* End PBXSourcesBuildPhase section */

/* Begin PBXVariantGroup section */
		B456FDF627AFA56300A822CB /* Main.storyboard */ = {
			isa = PBXVariantGroup;
			children = (
				B456FDF727AFA56300A822CB /* Base */,
			);
			name = Main.storyboard;
			sourceTree = "<group>";
		};
		B456FDFB27AFA56600A822CB /* LaunchScreen.storyboard */ = {
			isa = PBXVariantGroup;
			children = (
				B456FDFC27AFA56600A822CB /* Base */,
			);
			name = LaunchScreen.storyboard;
			sourceTree = "<group>";
		};
/* End PBXVariantGroup section */

/* Begin XCBuildConfiguration section */
		B456FDFF27AFA56600A822CB /* Debug */ = {
			isa = XCBuildConfiguration;
			buildSettings = {
				ALWAYS_SEARCH_USER_PATHS = NO;
				CLANG_ANALYZER_NONNULL = YES;
				CLANG_ANALYZER_NUMBER_OBJECT_CONVERSION = YES_AGGRESSIVE;
				CLANG_CXX_LANGUAGE_STANDARD = "gnu++17";
				CLANG_CXX_LIBRARY = "libc++";
				CLANG_ENABLE_MODULES = YES;
				CLANG_ENABLE_OBJC_ARC = YES;
				CLANG_ENABLE_OBJC_WEAK = YES;
				CLANG_WARN_BLOCK_CAPTURE_AUTORELEASING = YES;
				CLANG_WARN_BOOL_CONVERSION = YES;
				CLANG_WARN_COMMA = YES;
				CLANG_WARN_CONSTANT_CONVERSION = YES;
				CLANG_WARN_DEPRECATED_OBJC_IMPLEMENTATIONS = YES;
				CLANG_WARN_DIRECT_OBJC_ISA_USAGE = YES_ERROR;
				CLANG_WARN_DOCUMENTATION_COMMENTS = YES;
				CLANG_WARN_EMPTY_BODY = YES;
				CLANG_WARN_ENUM_CONVERSION = YES;
				CLANG_WARN_INFINITE_RECURSION = YES;
				CLANG_WARN_INT_CONVERSION = YES;
				CLANG_WARN_NON_LITERAL_NULL_CONVERSION = YES;
				CLANG_WARN_OBJC_IMPLICIT_RETAIN_SELF = YES;
				CLANG_WARN_OBJC_LITERAL_CONVERSION = YES;
				CLANG_WARN_OBJC_ROOT_CLASS = YES_ERROR;
				CLANG_WARN_QUOTED_INCLUDE_IN_FRAMEWORK_HEADER = YES;
				CLANG_WARN_RANGE_LOOP_ANALYSIS = YES;
				CLANG_WARN_STRICT_PROTOTYPES = YES;
				CLANG_WARN_SUSPICIOUS_MOVE = YES;
				CLANG_WARN_UNGUARDED_AVAILABILITY = YES_AGGRESSIVE;
				CLANG_WARN_UNREACHABLE_CODE = YES;
				CLANG_WARN__DUPLICATE_METHOD_MATCH = YES;
				COPY_PHASE_STRIP = NO;
				DEBUG_INFORMATION_FORMAT = dwarf;
				ENABLE_STRICT_OBJC_MSGSEND = YES;
				ENABLE_TESTABILITY = YES;
				GCC_C_LANGUAGE_STANDARD = gnu11;
				GCC_DYNAMIC_NO_PIC = NO;
				GCC_NO_COMMON_BLOCKS = YES;
				GCC_OPTIMIZATION_LEVEL = 0;
				GCC_PREPROCESSOR_DEFINITIONS = (
					"DEBUG=1",
					"$(inherited)",
				);
				GCC_WARN_64_TO_32_BIT_CONVERSION = YES;
				GCC_WARN_ABOUT_RETURN_TYPE = YES_ERROR;
				GCC_WARN_UNDECLARED_SELECTOR = YES;
				GCC_WARN_UNINITIALIZED_AUTOS = YES_AGGRESSIVE;
				GCC_WARN_UNUSED_FUNCTION = YES;
				GCC_WARN_UNUSED_VARIABLE = YES;
				IPHONEOS_DEPLOYMENT_TARGET = 15.0;
				MTL_ENABLE_DEBUG_INFO = INCLUDE_SOURCE;
				MTL_FAST_MATH = YES;
				ONLY_ACTIVE_ARCH = YES;
				SDKROOT = iphoneos;
				SWIFT_ACTIVE_COMPILATION_CONDITIONS = DEBUG;
				SWIFT_OPTIMIZATION_LEVEL = "-Onone";
			};
			name = Debug;
		};
		B456FE0027AFA56600A822CB /* Release */ = {
			isa = XCBuildConfiguration;
			buildSettings = {
				ALWAYS_SEARCH_USER_PATHS = NO;
				CLANG_ANALYZER_NONNULL = YES;
				CLANG_ANALYZER_NUMBER_OBJECT_CONVERSION = YES_AGGRESSIVE;
				CLANG_CXX_LANGUAGE_STANDARD = "gnu++17";
				CLANG_CXX_LIBRARY = "libc++";
				CLANG_ENABLE_MODULES = YES;
				CLANG_ENABLE_OBJC_ARC = YES;
				CLANG_ENABLE_OBJC_WEAK = YES;
				CLANG_WARN_BLOCK_CAPTURE_AUTORELEASING = YES;
				CLANG_WARN_BOOL_CONVERSION = YES;
				CLANG_WARN_COMMA = YES;
				CLANG_WARN_CONSTANT_CONVERSION = YES;
				CLANG_WARN_DEPRECATED_OBJC_IMPLEMENTATIONS = YES;
				CLANG_WARN_DIRECT_OBJC_ISA_USAGE = YES_ERROR;
				CLANG_WARN_DOCUMENTATION_COMMENTS = YES;
				CLANG_WARN_EMPTY_BODY = YES;
				CLANG_WARN_ENUM_CONVERSION = YES;
				CLANG_WARN_INFINITE_RECURSION = YES;
				CLANG_WARN_INT_CONVERSION = YES;
				CLANG_WARN_NON_LITERAL_NULL_CONVERSION = YES;
				CLANG_WARN_OBJC_IMPLICIT_RETAIN_SELF = YES;
				CLANG_WARN_OBJC_LITERAL_CONVERSION = YES;
				CLANG_WARN_OBJC_ROOT_CLASS = YES_ERROR;
				CLANG_WARN_QUOTED_INCLUDE_IN_FRAMEWORK_HEADER = YES;
				CLANG_WARN_RANGE_LOOP_ANALYSIS = YES;
				CLANG_WARN_STRICT_PROTOTYPES = YES;
				CLANG_WARN_SUSPICIOUS_MOVE = YES;
				CLANG_WARN_UNGUARDED_AVAILABILITY = YES_AGGRESSIVE;
				CLANG_WARN_UNREACHABLE_CODE = YES;
				CLANG_WARN__DUPLICATE_METHOD_MATCH = YES;
				COPY_PHASE_STRIP = NO;
				DEBUG_INFORMATION_FORMAT = "dwarf-with-dsym";
				ENABLE_NS_ASSERTIONS = NO;
				ENABLE_STRICT_OBJC_MSGSEND = YES;
				GCC_C_LANGUAGE_STANDARD = gnu11;
				GCC_NO_COMMON_BLOCKS = YES;
				GCC_WARN_64_TO_32_BIT_CONVERSION = YES;
				GCC_WARN_ABOUT_RETURN_TYPE = YES_ERROR;
				GCC_WARN_UNDECLARED_SELECTOR = YES;
				GCC_WARN_UNINITIALIZED_AUTOS = YES_AGGRESSIVE;
				GCC_WARN_UNUSED_FUNCTION = YES;
				GCC_WARN_UNUSED_VARIABLE = YES;
				IPHONEOS_DEPLOYMENT_TARGET = 15.0;
				MTL_ENABLE_DEBUG_INFO = NO;
				MTL_FAST_MATH = YES;
				SDKROOT = iphoneos;
				SWIFT_COMPILATION_MODE = wholemodule;
				SWIFT_OPTIMIZATION_LEVEL = "-O";
				VALIDATE_PRODUCT = YES;
			};
			name = Release;
		};
		B456FE0227AFA56600A822CB /* Debug */ = {
			isa = XCBuildConfiguration;
			baseConfigurationReference = 98AFEBC36F0717F150DE0143 /* Pods-XYSegmentView.debug.xcconfig */;
			buildSettings = {
				ASSETCATALOG_COMPILER_APPICON_NAME = AppIcon;
				ASSETCATALOG_COMPILER_GLOBAL_ACCENT_COLOR_NAME = AccentColor;
				CODE_SIGN_STYLE = Automatic;
				CURRENT_PROJECT_VERSION = 1;
				DEVELOPMENT_TEAM = J9CJUEB6H8;
				GENERATE_INFOPLIST_FILE = YES;
				INFOPLIST_FILE = XYSegmentView/Info.plist;
				INFOPLIST_KEY_UIApplicationSupportsIndirectInputEvents = YES;
				INFOPLIST_KEY_UILaunchStoryboardName = LaunchScreen;
				INFOPLIST_KEY_UIMainStoryboardFile = Main;
				INFOPLIST_KEY_UISupportedInterfaceOrientations_iPad = "UIInterfaceOrientationPortrait UIInterfaceOrientationPortraitUpsideDown UIInterfaceOrientationLandscapeLeft UIInterfaceOrientationLandscapeRight";
				INFOPLIST_KEY_UISupportedInterfaceOrientations_iPhone = "UIInterfaceOrientationPortrait UIInterfaceOrientationLandscapeLeft UIInterfaceOrientationLandscapeRight";
				IPHONEOS_DEPLOYMENT_TARGET = 9.0;
				LD_RUNPATH_SEARCH_PATHS = (
					"$(inherited)",
					"@executable_path/Frameworks",
				);
				MARKETING_VERSION = 1.0;
				OTHER_SWIFT_FLAGS = "";
				PRODUCT_BUNDLE_IDENTIFIER = com.xiaoyou.XYSegmentView;
				PRODUCT_NAME = "$(TARGET_NAME)";
				SWIFT_EMIT_LOC_STRINGS = YES;
				SWIFT_VERSION = 5.0;
				TARGETED_DEVICE_FAMILY = "1,2";
			};
			name = Debug;
		};
		B456FE0327AFA56600A822CB /* Release */ = {
			isa = XCBuildConfiguration;
			baseConfigurationReference = A66EDEDF881AD04BBB2C820B /* Pods-XYSegmentView.release.xcconfig */;
			buildSettings = {
				ASSETCATALOG_COMPILER_APPICON_NAME = AppIcon;
				ASSETCATALOG_COMPILER_GLOBAL_ACCENT_COLOR_NAME = AccentColor;
				CODE_SIGN_STYLE = Automatic;
				CURRENT_PROJECT_VERSION = 1;
				DEVELOPMENT_TEAM = J9CJUEB6H8;
				GENERATE_INFOPLIST_FILE = YES;
				INFOPLIST_FILE = XYSegmentView/Info.plist;
				INFOPLIST_KEY_UIApplicationSupportsIndirectInputEvents = YES;
				INFOPLIST_KEY_UILaunchStoryboardName = LaunchScreen;
				INFOPLIST_KEY_UIMainStoryboardFile = Main;
				INFOPLIST_KEY_UISupportedInterfaceOrientations_iPad = "UIInterfaceOrientationPortrait UIInterfaceOrientationPortraitUpsideDown UIInterfaceOrientationLandscapeLeft UIInterfaceOrientationLandscapeRight";
				INFOPLIST_KEY_UISupportedInterfaceOrientations_iPhone = "UIInterfaceOrientationPortrait UIInterfaceOrientationLandscapeLeft UIInterfaceOrientationLandscapeRight";
				IPHONEOS_DEPLOYMENT_TARGET = 9.0;
				LD_RUNPATH_SEARCH_PATHS = (
					"$(inherited)",
					"@executable_path/Frameworks",
				);
				MARKETING_VERSION = 1.0;
				OTHER_SWIFT_FLAGS = "";
				PRODUCT_BUNDLE_IDENTIFIER = com.xiaoyou.XYSegmentView;
				PRODUCT_NAME = "$(TARGET_NAME)";
				SWIFT_EMIT_LOC_STRINGS = YES;
				SWIFT_VERSION = 5.0;
				TARGETED_DEVICE_FAMILY = "1,2";
			};
			name = Release;
		};
/* End XCBuildConfiguration section */

/* Begin XCConfigurationList section */
		B456FDE827AFA56300A822CB /* Build configuration list for PBXProject "XYSegmentView" */ = {
			isa = XCConfigurationList;
			buildConfigurations = (
				B456FDFF27AFA56600A822CB /* Debug */,
				B456FE0027AFA56600A822CB /* Release */,
			);
			defaultConfigurationIsVisible = 0;
			defaultConfigurationName = Release;
		};
		B456FE0127AFA56600A822CB /* Build configuration list for PBXNativeTarget "XYSegmentView" */ = {
			isa = XCConfigurationList;
			buildConfigurations = (
				B456FE0227AFA56600A822CB /* Debug */,
				B456FE0327AFA56600A822CB /* Release */,
			);
			defaultConfigurationIsVisible = 0;
			defaultConfigurationName = Release;
		};
/* End XCConfigurationList section */
	};
	rootObject = B456FDE527AFA56300A822CB /* Project object */;
}
